// !$*UTF8*$!
{
	archiveVersion = 1;
	classes = {
	};
	objectVersion = 60;
	objects = {

/* Begin PBXBuildFile section */
		ABF8ED932C1BF0270057F5EA /* RealityKitContent in Frameworks */ = {isa = PBXBuildFile; productRef = ABF8ED922C1BF0270057F5EA /* RealityKitContent */; };
		ABF8ED952C1BF0270057F5EA /* PomodoFocusApp.swift in Sources */ = {isa = PBXBuildFile; fileRef = ABF8ED942C1BF0270057F5EA /* PomodoFocusApp.swift */; };
		ABF8ED992C1BF0290057F5EA /* Assets.xcassets in Resources */ = {isa = PBXBuildFile; fileRef = ABF8ED982C1BF0290057F5EA /* Assets.xcassets */; };
		ABF8ED9C2C1BF0290057F5EA /* Preview Assets.xcassets in Resources */ = {isa = PBXBuildFile; fileRef = ABF8ED9B2C1BF0290057F5EA /* Preview Assets.xcassets */; };
		ABF8EDB22C1BF90A0057F5EA /* ShortBreakView.swift in Sources */ = {isa = PBXBuildFile; fileRef = ABF8EDB12C1BF90A0057F5EA /* ShortBreakView.swift */; };
		ABF8EDB42C1BF9160057F5EA /* LongBreakView.swift in Sources */ = {isa = PBXBuildFile; fileRef = ABF8EDB32C1BF9160057F5EA /* LongBreakView.swift */; };
		ABF8EDB62C1BF9270057F5EA /* SoundsView.swift in Sources */ = {isa = PBXBuildFile; fileRef = ABF8EDB52C1BF9270057F5EA /* SoundsView.swift */; };
		ABF8EDBA2C1C0BAA0057F5EA /* ContentView.swift in Sources */ = {isa = PBXBuildFile; fileRef = ABF8EDB92C1C0BAA0057F5EA /* ContentView.swift */; };
		ABF8EDBC2C1C0BD70057F5EA /* PomodoroView.swift in Sources */ = {isa = PBXBuildFile; fileRef = ABF8EDBB2C1C0BD70057F5EA /* PomodoroView.swift */; };
/* End PBXBuildFile section */

/* Begin PBXFileReference section */
		ABF8ED8D2C1BF0270057F5EA /* PomodoFocus.app */ = {isa = PBXFileReference; explicitFileType = wrapper.application; includeInIndex = 0; path = PomodoFocus.app; sourceTree = BUILT_PRODUCTS_DIR; };
		ABF8ED912C1BF0270057F5EA /* RealityKitContent */ = {isa = PBXFileReference; lastKnownFileType = wrapper; path = RealityKitContent; sourceTree = "<group>"; };
		ABF8ED942C1BF0270057F5EA /* PomodoFocusApp.swift */ = {isa = PBXFileReference; lastKnownFileType = sourcecode.swift; path = PomodoFocusApp.swift; sourceTree = "<group>"; };
		ABF8ED982C1BF0290057F5EA /* Assets.xcassets */ = {isa = PBXFileReference; lastKnownFileType = folder.assetcatalog; path = Assets.xcassets; sourceTree = "<group>"; };
		ABF8ED9B2C1BF0290057F5EA /* Preview Assets.xcassets */ = {isa = PBXFileReference; lastKnownFileType = folder.assetcatalog; path = "Preview Assets.xcassets"; sourceTree = "<group>"; };
		ABF8ED9D2C1BF0290057F5EA /* Info.plist */ = {isa = PBXFileReference; lastKnownFileType = text.plist.xml; path = Info.plist; sourceTree = "<group>"; };
		ABF8EDB12C1BF90A0057F5EA /* ShortBreakView.swift */ = {isa = PBXFileReference; lastKnownFileType = sourcecode.swift; path = ShortBreakView.swift; sourceTree = "<group>"; };
		ABF8EDB32C1BF9160057F5EA /* LongBreakView.swift */ = {isa = PBXFileReference; lastKnownFileType = sourcecode.swift; path = LongBreakView.swift; sourceTree = "<group>"; };
		ABF8EDB52C1BF9270057F5EA /* SoundsView.swift */ = {isa = PBXFileReference; lastKnownFileType = sourcecode.swift; path = SoundsView.swift; sourceTree = "<group>"; };
		ABF8EDB92C1C0BAA0057F5EA /* ContentView.swift */ = {isa = PBXFileReference; lastKnownFileType = sourcecode.swift; path = ContentView.swift; sourceTree = "<group>"; };
		ABF8EDBB2C1C0BD70057F5EA /* PomodoroView.swift */ = {isa = PBXFileReference; lastKnownFileType = sourcecode.swift; path = PomodoroView.swift; sourceTree = "<group>"; };
/* End PBXFileReference section */

/* Begin PBXFrameworksBuildPhase section */
		ABF8ED8A2C1BF0270057F5EA /* Frameworks */ = {
			isa = PBXFrameworksBuildPhase;
			buildActionMask = 2147483647;
			files = (
				ABF8ED932C1BF0270057F5EA /* RealityKitContent in Frameworks */,
			);
			runOnlyForDeploymentPostprocessing = 0;
		};
/* End PBXFrameworksBuildPhase section */

/* Begin PBXGroup section */
		ABF8ED842C1BF0270057F5EA = {
			isa = PBXGroup;
			children = (
				ABF8ED8F2C1BF0270057F5EA /* PomodoFocus */,
				ABF8ED902C1BF0270057F5EA /* Packages */,
				ABF8ED8E2C1BF0270057F5EA /* Products */,
			);
			sourceTree = "<group>";
		};
		ABF8ED8E2C1BF0270057F5EA /* Products */ = {
			isa = PBXGroup;
			children = (
				ABF8ED8D2C1BF0270057F5EA /* PomodoFocus.app */,
			);
			name = Products;
			sourceTree = "<group>";
		};
		ABF8ED8F2C1BF0270057F5EA /* PomodoFocus */ = {
			isa = PBXGroup;
			children = (
				ABF8ED942C1BF0270057F5EA /* PomodoFocusApp.swift */,
				ABF8ED982C1BF0290057F5EA /* Assets.xcassets */,
				ABF8ED9D2C1BF0290057F5EA /* Info.plist */,
				ABF8ED9A2C1BF0290057F5EA /* Preview Content */,
				ABF8EDB12C1BF90A0057F5EA /* ShortBreakView.swift */,
				ABF8EDB32C1BF9160057F5EA /* LongBreakView.swift */,
				ABF8EDB52C1BF9270057F5EA /* SoundsView.swift */,
				ABF8EDB92C1C0BAA0057F5EA /* ContentView.swift */,
				ABF8EDBB2C1C0BD70057F5EA /* PomodoroView.swift */,
			);
			path = PomodoFocus;
			sourceTree = "<group>";
		};
		ABF8ED902C1BF0270057F5EA /* Packages */ = {
			isa = PBXGroup;
			children = (
				ABF8ED912C1BF0270057F5EA /* RealityKitContent */,
			);
			path = Packages;
			sourceTree = "<group>";
		};
		ABF8ED9A2C1BF0290057F5EA /* Preview Content */ = {
			isa = PBXGroup;
			children = (
				ABF8ED9B2C1BF0290057F5EA /* Preview Assets.xcassets */,
			);
			path = "Preview Content";
			sourceTree = "<group>";
		};
/* End PBXGroup section */

/* Begin PBXNativeTarget section */
		ABF8ED8C2C1BF0270057F5EA /* PomodoFocus */ = {
			isa = PBXNativeTarget;
			buildConfigurationList = ABF8EDA02C1BF0290057F5EA /* Build configuration list for PBXNativeTarget "PomodoFocus" */;
			buildPhases = (
				ABF8ED892C1BF0270057F5EA /* Sources */,
				ABF8ED8A2C1BF0270057F5EA /* Frameworks */,
				ABF8ED8B2C1BF0270057F5EA /* Resources */,
			);
			buildRules = (
			);
			dependencies = (
			);
			name = PomodoFocus;
			packageProductDependencies = (
				ABF8ED922C1BF0270057F5EA /* RealityKitContent */,
			);
			productName = PomodoFocus;
			productReference = ABF8ED8D2C1BF0270057F5EA /* PomodoFocus.app */;
			productType = "com.apple.product-type.application";
		};
/* End PBXNativeTarget section */

/* Begin PBXProject section */
		ABF8ED852C1BF0270057F5EA /* Project object */ = {
			isa = PBXProject;
			attributes = {
				BuildIndependentTargetsInParallel = 1;
				LastSwiftUpdateCheck = 1600;
				LastUpgradeCheck = 1600;
				TargetAttributes = {
					ABF8ED8C2C1BF0270057F5EA = {
						CreatedOnToolsVersion = 16.0;
					};
				};
			};
			buildConfigurationList = ABF8ED882C1BF0270057F5EA /* Build configuration list for PBXProject "PomodoFocus" */;
			compatibilityVersion = "Xcode 15.0";
			developmentRegion = en;
			hasScannedForEncodings = 0;
			knownRegions = (
				en,
				Base,
			);
			mainGroup = ABF8ED842C1BF0270057F5EA;
			productRefGroup = ABF8ED8E2C1BF0270057F5EA /* Products */;
			projectDirPath = "";
			projectRoot = "";
			targets = (
				ABF8ED8C2C1BF0270057F5EA /* PomodoFocus */,
			);
		};
/* End PBXProject section */

/* Begin PBXResourcesBuildPhase section */
		ABF8ED8B2C1BF0270057F5EA /* Resources */ = {
			isa = PBXResourcesBuildPhase;
			buildActionMask = 2147483647;
			files = (
				ABF8ED9C2C1BF0290057F5EA /* Preview Assets.xcassets in Resources */,
				ABF8ED992C1BF0290057F5EA /* Assets.xcassets in Resources */,
			);
			runOnlyForDeploymentPostprocessing = 0;
		};
/* End PBXResourcesBuildPhase section */

/* Begin PBXSourcesBuildPhase section */
		ABF8ED892C1BF0270057F5EA /* Sources */ = {
			isa = PBXSourcesBuildPhase;
			buildActionMask = 2147483647;
			files = (
				ABF8EDB42C1BF9160057F5EA /* LongBreakView.swift in Sources */,
				ABF8EDBA2C1C0BAA0057F5EA /* ContentView.swift in Sources */,
				ABF8ED952C1BF0270057F5EA /* PomodoFocusApp.swift in Sources */,
				ABF8EDBC2C1C0BD70057F5EA /* PomodoroView.swift in Sources */,
				ABF8EDB62C1BF9270057F5EA /* SoundsView.swift in Sources */,
				ABF8EDB22C1BF90A0057F5EA /* ShortBreakView.swift in Sources */,
			);
			runOnlyForDeploymentPostprocessing = 0;
		};
/* End PBXSourcesBuildPhase section */

/* Begin XCBuildConfiguration section */
		ABF8ED9E2C1BF0290057F5EA /* Debug */ = {
			isa = XCBuildConfiguration;
			buildSettings = {
				ALWAYS_SEARCH_USER_PATHS = NO;
				ASSETCATALOG_COMPILER_GENERATE_SWIFT_ASSET_SYMBOL_EXTENSIONS = YES;
				CLANG_ANALYZER_NONNULL = YES;
				CLANG_ANALYZER_NUMBER_OBJECT_CONVERSION = YES_AGGRESSIVE;
				CLANG_CXX_LANGUAGE_STANDARD = "gnu++20";
				CLANG_ENABLE_MODULES = YES;
				CLANG_ENABLE_OBJC_ARC = YES;
				CLANG_ENABLE_OBJC_WEAK = YES;
				CLANG_WARN_BLOCK_CAPTURE_AUTORELEASING = YES;
				CLANG_WARN_BOOL_CONVERSION = YES;
				CLANG_WARN_COMMA = YES;
				CLANG_WARN_CONSTANT_CONVERSION = YES;
				CLANG_WARN_DEPRECATED_OBJC_IMPLEMENTATIONS = YES;
				CLANG_WARN_DIRECT_OBJC_ISA_USAGE = YES_ERROR;
				CLANG_WARN_DOCUMENTATION_COMMENTS = YES;
				CLANG_WARN_EMPTY_BODY = YES;
				CLANG_WARN_ENUM_CONVERSION = YES;
				CLANG_WARN_INFINITE_RECURSION = YES;
				CLANG_WARN_INT_CONVERSION = YES;
				CLANG_WARN_NON_LITERAL_NULL_CONVERSION = YES;
				CLANG_WARN_OBJC_IMPLICIT_RETAIN_SELF = YES;
				CLANG_WARN_OBJC_LITERAL_CONVERSION = YES;
				CLANG_WARN_OBJC_ROOT_CLASS = YES_ERROR;
				CLANG_WARN_QUOTED_INCLUDE_IN_FRAMEWORK_HEADER = YES;
				CLANG_WARN_RANGE_LOOP_ANALYSIS = YES;
				CLANG_WARN_STRICT_PROTOTYPES = YES;
				CLANG_WARN_SUSPICIOUS_MOVE = YES;
				CLANG_WARN_UNGUARDED_AVAILABILITY = YES_AGGRESSIVE;
				CLANG_WARN_UNREACHABLE_CODE = YES;
				CLANG_WARN__DUPLICATE_METHOD_MATCH = YES;
				COPY_PHASE_STRIP = NO;
				DEBUG_INFORMATION_FORMAT = dwarf;
				ENABLE_STRICT_OBJC_MSGSEND = YES;
				ENABLE_TESTABILITY = YES;
				ENABLE_USER_SCRIPT_SANDBOXING = YES;
				GCC_C_LANGUAGE_STANDARD = gnu17;
				GCC_DYNAMIC_NO_PIC = NO;
				GCC_NO_COMMON_BLOCKS = YES;
				GCC_OPTIMIZATION_LEVEL = 0;
				GCC_PREPROCESSOR_DEFINITIONS = (
					"DEBUG=1",
					"$(inherited)",
				);
				GCC_WARN_64_TO_32_BIT_CONVERSION = YES;
				GCC_WARN_ABOUT_RETURN_TYPE = YES_ERROR;
				GCC_WARN_UNDECLARED_SELECTOR = YES;
				GCC_WARN_UNINITIALIZED_AUTOS = YES_AGGRESSIVE;
				GCC_WARN_UNUSED_FUNCTION = YES;
				GCC_WARN_UNUSED_VARIABLE = YES;
				LOCALIZATION_PREFERS_STRING_CATALOGS = YES;
				MTL_ENABLE_DEBUG_INFO = INCLUDE_SOURCE;
				MTL_FAST_MATH = YES;
				ONLY_ACTIVE_ARCH = YES;
				SDKROOT = xros;
				SWIFT_ACTIVE_COMPILATION_CONDITIONS = "DEBUG $(inherited)";
				SWIFT_OPTIMIZATION_LEVEL = "-Onone";
				XROS_DEPLOYMENT_TARGET = 2.0;
			};
			name = Debug;
		};
		ABF8ED9F2C1BF0290057F5EA /* Release */ = {
			isa = XCBuildConfiguration;
			buildSettings = {
				ALWAYS_SEARCH_USER_PATHS = NO;
				ASSETCATALOG_COMPILER_GENERATE_SWIFT_ASSET_SYMBOL_EXTENSIONS = YES;
				CLANG_ANALYZER_NONNULL = YES;
				CLANG_ANALYZER_NUMBER_OBJECT_CONVERSION = YES_AGGRESSIVE;
				CLANG_CXX_LANGUAGE_STANDARD = "gnu++20";
				CLANG_ENABLE_MODULES = YES;
				CLANG_ENABLE_OBJC_ARC = YES;
				CLANG_ENABLE_OBJC_WEAK = YES;
				CLANG_WARN_BLOCK_CAPTURE_AUTORELEASING = YES;
				CLANG_WARN_BOOL_CONVERSION = YES;
				CLANG_WARN_COMMA = YES;
				CLANG_WARN_CONSTANT_CONVERSION = YES;
				CLANG_WARN_DEPRECATED_OBJC_IMPLEMENTATIONS = YES;
				CLANG_WARN_DIRECT_OBJC_ISA_USAGE = YES_ERROR;
				CLANG_WARN_DOCUMENTATION_COMMENTS = YES;
				CLANG_WARN_EMPTY_BODY = YES;
				CLANG_WARN_ENUM_CONVERSION = YES;
				CLANG_WARN_INFINITE_RECURSION = YES;
				CLANG_WARN_INT_CONVERSION = YES;
				CLANG_WARN_NON_LITERAL_NULL_CONVERSION = YES;
				CLANG_WARN_OBJC_IMPLICIT_RETAIN_SELF = YES;
				CLANG_WARN_OBJC_LITERAL_CONVERSION = YES;
				CLANG_WARN_OBJC_ROOT_CLASS = YES_ERROR;
				CLANG_WARN_QUOTED_INCLUDE_IN_FRAMEWORK_HEADER = YES;
				CLANG_WARN_RANGE_LOOP_ANALYSIS = YES;
				CLANG_WARN_STRICT_PROTOTYPES = YES;
				CLANG_WARN_SUSPICIOUS_MOVE = YES;
				CLANG_WARN_UNGUARDED_AVAILABILITY = YES_AGGRESSIVE;
				CLANG_WARN_UNREACHABLE_CODE = YES;
				CLANG_WARN__DUPLICATE_METHOD_MATCH = YES;
				COPY_PHASE_STRIP = NO;
				DEBUG_INFORMATION_FORMAT = "dwarf-with-dsym";
				ENABLE_NS_ASSERTIONS = NO;
				ENABLE_STRICT_OBJC_MSGSEND = YES;
				ENABLE_USER_SCRIPT_SANDBOXING = YES;
				GCC_C_LANGUAGE_STANDARD = gnu17;
				GCC_NO_COMMON_BLOCKS = YES;
				GCC_WARN_64_TO_32_BIT_CONVERSION = YES;
				GCC_WARN_ABOUT_RETURN_TYPE = YES_ERROR;
				GCC_WARN_UNDECLARED_SELECTOR = YES;
				GCC_WARN_UNINITIALIZED_AUTOS = YES_AGGRESSIVE;
				GCC_WARN_UNUSED_FUNCTION = YES;
				GCC_WARN_UNUSED_VARIABLE = YES;
				LOCALIZATION_PREFERS_STRING_CATALOGS = YES;
				MTL_ENABLE_DEBUG_INFO = NO;
				MTL_FAST_MATH = YES;
				SDKROOT = xros;
				SWIFT_COMPILATION_MODE = wholemodule;
				VALIDATE_PRODUCT = YES;
				XROS_DEPLOYMENT_TARGET = 2.0;
			};
			name = Release;
		};
		ABF8EDA12C1BF0290057F5EA /* Debug */ = {
			isa = XCBuildConfiguration;
			buildSettings = {
				ASSETCATALOG_COMPILER_APPICON_NAME = AppIcon;
				ASSETCATALOG_COMPILER_GLOBAL_ACCENT_COLOR_NAME = AccentColor;
				CODE_SIGN_STYLE = Automatic;
				CURRENT_PROJECT_VERSION = 1;
				DEVELOPMENT_ASSET_PATHS = "\"PomodoFocus/Preview Content\"";
				DEVELOPMENT_TEAM = Z9J295B42J;
				ENABLE_PREVIEWS = YES;
				GENERATE_INFOPLIST_FILE = YES;
				INFOPLIST_FILE = "$(TARGET_NAME)/Info.plist";
				LD_RUNPATH_SEARCH_PATHS = (
					"$(inherited)",
					"@executable_path/Frameworks",
				);
				MARKETING_VERSION = 1.0;
				PRODUCT_BUNDLE_IDENTIFIER = tech.nerdynikhil.PomodoFocus;
				PRODUCT_NAME = "$(TARGET_NAME)";
				SUPPORTED_PLATFORMS = "xros xrsimulator";
				SWIFT_EMIT_LOC_STRINGS = YES;
				SWIFT_VERSION = 5.0;
				TARGETED_DEVICE_FAMILY = 7;
			};
			name = Debug;
		};
		ABF8EDA22C1BF0290057F5EA /* Release */ = {
			isa = XCBuildConfiguration;
			buildSettings = {
				ASSETCATALOG_COMPILER_APPICON_NAME = AppIcon;
				ASSETCATALOG_COMPILER_GLOBAL_ACCENT_COLOR_NAME = AccentColor;
				CODE_SIGN_STYLE = Automatic;
				CURRENT_PROJECT_VERSION = 1;
				DEVELOPMENT_ASSET_PATHS = "\"PomodoFocus/Preview Content\"";
				DEVELOPMENT_TEAM = Z9J295B42J;
				ENABLE_PREVIEWS = YES;
				GENERATE_INFOPLIST_FILE = YES;
				INFOPLIST_FILE = "$(TARGET_NAME)/Info.plist";
				LD_RUNPATH_SEARCH_PATHS = (
					"$(inherited)",
					"@executable_path/Frameworks",
				);
				MARKETING_VERSION = 1.0;
				PRODUCT_BUNDLE_IDENTIFIER = tech.nerdynikhil.PomodoFocus;
				PRODUCT_NAME = "$(TARGET_NAME)";
				SUPPORTED_PLATFORMS = "xros xrsimulator";
				SWIFT_EMIT_LOC_STRINGS = YES;
				SWIFT_VERSION = 5.0;
				TARGETED_DEVICE_FAMILY = 7;
			};
			name = Release;
		};
/* End XCBuildConfiguration section */

/* Begin XCConfigurationList section */
		ABF8ED882C1BF0270057F5EA /* Build configuration list for PBXProject "PomodoFocus" */ = {
			isa = XCConfigurationList;
			buildConfigurations = (
				ABF8ED9E2C1BF0290057F5EA /* Debug */,
				ABF8ED9F2C1BF0290057F5EA /* Release */,
			);
			defaultConfigurationIsVisible = 0;
			defaultConfigurationName = Release;
		};
		ABF8EDA02C1BF0290057F5EA /* Build configuration list for PBXNativeTarget "PomodoFocus" */ = {
			isa = XCConfigurationList;
			buildConfigurations = (
				ABF8EDA12C1BF0290057F5EA /* Debug */,
				ABF8EDA22C1BF0290057F5EA /* Release */,
			);
			defaultConfigurationIsVisible = 0;
			defaultConfigurationName = Release;
		};
/* End XCConfigurationList section */

/* Begin XCSwiftPackageProductDependency section */
		ABF8ED922C1BF0270057F5EA /* RealityKitContent */ = {
			isa = XCSwiftPackageProductDependency;
			productName = RealityKitContent;
		};
/* End XCSwiftPackageProductDependency section */
	};
	rootObject = ABF8ED852C1BF0270057F5EA /* Project object */;
}
